
Microsoft Visual Studio Solution File, Format Version 12.00
Project("{FAE04EC0-301F-11D3-BF4B-00C04F79EFBC}") = "GitBench", "GitBench\GitBench.csproj", "{83B03EC0-B059-45BC-B2BF-E8FE1571986F}"
EndProject
Project("{FAE04EC0-301F-11D3-BF4B-00C04F79EFBC}") = "ZGF.Gui", "framework\ZGF.Gui\ZGF.Gui.csproj", "{C149ADC6-8D56-4E2D-B045-8F1925138B80}"
EndProject
Project("{FAE04EC0-301F-11D3-BF4B-00C04F79EFBC}") = "GitBench.Tests", "GitBench.Tests\GitBench.Tests.csproj", "{2C07A3AB-0891-4EAD-8EE0-6AE5C4833318}"
EndProject
Project("{2150E333-8FDC-42A3-9474-1A3956D46DE8}") = "framework", "framework", "{9A0CCAB9-4303-13B4-2371-F1B97FF5B728}"
EndProject
Project("{FAE04EC0-301F-11D3-BF4B-00C04F79EFBC}") = "ZGF.Gui.Desktop", "framework\ZGF.Gui.Desktop\ZGF.Gui.Desktop.csproj", "{6DC6E55C-9F01-4879-A5BE-608AD55D41B9}"
EndProject
Project("{FAE04EC0-301F-11D3-BF4B-00C04F79EFBC}") = "ZGF.Desktop", "framework\ZGF.Desktop\ZGF.Desktop.csproj", "{BFA74DDC-8EDF-426B-8723-7C05D282E36E}"
EndProject
Project("{FAE04EC0-301F-11D3-BF4B-00C04F79EFBC}") = "ZGF.KeyboardModule", "framework\ZGF.KeyboardModule\ZGF.KeyboardModule.csproj", "{002140E6-7F8D-4477-B52C-9CDABAB7BD20}"
EndProject
Project("{FAE04EC0-301F-11D3-BF4B-00C04F79EFBC}") = "Glfw.NET", "framework\Glfw.NET\Glfw.NET.csproj", "{71C1707C-B354-4735-BF97-6D61F3EB948F}"
EndProject
Project("{FAE04EC0-301F-11D3-BF4B-00C04F79EFBC}") = "OpenGL.NET", "framework\OpenGL.NET\OpenGL.NET.csproj", "{D9C576FD-2210-42DA-8902-87A040EF3882}"
EndProject
Project("{FAE04EC0-301F-11D3-BF4B-00C04F79EFBC}") = "ZGF.KeyboardModule.GlfwAdapter", "framework\ZGF.KeyboardModule.GlfwAdapter\ZGF.KeyboardModule.GlfwAdapter.csproj", "{C53DD419-B66D-4A22-9B4F-3743303DA5FE}"
EndProject
Project("{2150E333-8FDC-42A3-9474-1A3956D46DE8}") = "PngSharp", "PngSharp", "{331B23D7-1AA9-3EA9-47B2-7F783CC47C5B}"
EndProject
Project("{FAE04EC0-301F-11D3-BF4B-00C04F79EFBC}") = "PngSharp", "framework\PngSharp\PngSharp\PngSharp.csproj", "{BA0973CB-D683-46A9-9D8B-A15367A6B301}"
EndProject
Project("{FAE04EC0-301F-11D3-BF4B-00C04F79EFBC}") = "ZGF.AppUtils", "framework\ZGF.AppUtils\ZGF.AppUtils.csproj", "{A2E91DBE-AF25-455B-9556-1DCBD59A289E}"
EndProject
Project("{FAE04EC0-301F-11D3-BF4B-00C04F79EFBC}") = "ZGF.Fonts", "framework\ZGF.Fonts\ZGF.Fonts.csproj", "{73380FB4-0CC9-400C-B52A-FBC75CEBF4D6}"
EndProject
Project("{FAE04EC0-301F-11D3-BF4B-00C04F79EFBC}") = "ZGF.Geometry", "framework\ZGF.Geometry\ZGF.Geometry.csproj", "{F19B12F3-F967-4C73-BEB9-BC82DFF6BE7E}"
EndProject
Project("{FAE04EC0-301F-11D3-BF4B-00C04F79EFBC}") = "ZGF.Observable", "framework\ZGF.Observable\ZGF.Observable.csproj", "{06C4FB2B-D188-4A7E-B409-4D8E6EADD6AB}"
EndProject
Project("{FAE04EC0-301F-11D3-BF4B-00C04F79EFBC}") = "ZGF.Rendering.Metal", "framework\ZGF.Rendering.Metal\ZGF.Rendering.Metal.csproj", "{E33CE10D-4C66-4530-9B4E-2B74C444E1CE}"
EndProject
Global
	GlobalSection(SolutionConfigurationPlatforms) = preSolution
		Debug|Any CPU = Debug|Any CPU
		Debug|x64 = Debug|x64
		Debug|x86 = Debug|x86
		Release|Any CPU = Release|Any CPU
		Release|x64 = Release|x64
		Release|x86 = Release|x86
	EndGlobalSection
	GlobalSection(ProjectConfigurationPlatforms) = postSolution
		{83B03EC0-B059-45BC-B2BF-E8FE1571986F}.Debug|Any CPU.ActiveCfg = Debug|Any CPU
		{83B03EC0-B059-45BC-B2BF-E8FE1571986F}.Debug|Any CPU.Build.0 = Debug|Any CPU
		{83B03EC0-B059-45BC-B2BF-E8FE1571986F}.Debug|x64.ActiveCfg = Debug|Any CPU
		{83B03EC0-B059-45BC-B2BF-E8FE1571986F}.Debug|x64.Build.0 = Debug|Any CPU
		{83B03EC0-B059-45BC-B2BF-E8FE1571986F}.Debug|x86.ActiveCfg = Debug|Any CPU
		{83B03EC0-B059-45BC-B2BF-E8FE1571986F}.Debug|x86.Build.0 = Debug|Any CPU
		{83B03EC0-B059-45BC-B2BF-E8FE1571986F}.Release|Any CPU.ActiveCfg = Release|Any CPU
		{83B03EC0-B059-45BC-B2BF-E8FE1571986F}.Release|Any CPU.Build.0 = Release|Any CPU
		{83B03EC0-B059-45BC-B2BF-E8FE1571986F}.Release|x64.ActiveCfg = Release|Any CPU
		{83B03EC0-B059-45BC-B2BF-E8FE1571986F}.Release|x64.Build.0 = Release|Any CPU
		{83B03EC0-B059-45BC-B2BF-E8FE1571986F}.Release|x86.ActiveCfg = Release|Any CPU
		{83B03EC0-B059-45BC-B2BF-E8FE1571986F}.Release|x86.Build.0 = Release|Any CPU
		{C149ADC6-8D56-4E2D-B045-8F1925138B80}.Debug|Any CPU.ActiveCfg = Debug|Any CPU
		{C149ADC6-8D56-4E2D-B045-8F1925138B80}.Debug|Any CPU.Build.0 = Debug|Any CPU
		{C149ADC6-8D56-4E2D-B045-8F1925138B80}.Debug|x64.ActiveCfg = Debug|Any CPU
		{C149ADC6-8D56-4E2D-B045-8F1925138B80}.Debug|x64.Build.0 = Debug|Any CPU
		{C149ADC6-8D56-4E2D-B045-8F1925138B80}.Debug|x86.ActiveCfg = Debug|Any CPU
		{C149ADC6-8D56-4E2D-B045-8F1925138B80}.Debug|x86.Build.0 = Debug|Any CPU
		{C149ADC6-8D56-4E2D-B045-8F1925138B80}.Release|Any CPU.ActiveCfg = Release|Any CPU
		{C149ADC6-8D56-4E2D-B045-8F1925138B80}.Release|Any CPU.Build.0 = Release|Any CPU
		{C149ADC6-8D56-4E2D-B045-8F1925138B80}.Release|x64.ActiveCfg = Release|Any CPU
		{C149ADC6-8D56-4E2D-B045-8F1925138B80}.Release|x64.Build.0 = Release|Any CPU
		{C149ADC6-8D56-4E2D-B045-8F1925138B80}.Release|x86.ActiveCfg = Release|Any CPU
		{C149ADC6-8D56-4E2D-B045-8F1925138B80}.Release|x86.Build.0 = Release|Any CPU
		{2C07A3AB-0891-4EAD-8EE0-6AE5C4833318}.Debug|Any CPU.ActiveCfg = Debug|Any CPU
		{2C07A3AB-0891-4EAD-8EE0-6AE5C4833318}.Debug|Any CPU.Build.0 = Debug|Any CPU
		{2C07A3AB-0891-4EAD-8EE0-6AE5C4833318}.Debug|x64.ActiveCfg = Debug|Any CPU
		{2C07A3AB-0891-4EAD-8EE0-6AE5C4833318}.Debug|x64.Build.0 = Debug|Any CPU
		{2C07A3AB-0891-4EAD-8EE0-6AE5C4833318}.Debug|x86.ActiveCfg = Debug|Any CPU
		{2C07A3AB-0891-4EAD-8EE0-6AE5C4833318}.Debug|x86.Build.0 = Debug|Any CPU
		{2C07A3AB-0891-4EAD-8EE0-6AE5C4833318}.Release|Any CPU.ActiveCfg = Release|Any CPU
		{2C07A3AB-0891-4EAD-8EE0-6AE5C4833318}.Release|Any CPU.Build.0 = Release|Any CPU
		{2C07A3AB-0891-4EAD-8EE0-6AE5C4833318}.Release|x64.ActiveCfg = Release|Any CPU
		{2C07A3AB-0891-4EAD-8EE0-6AE5C4833318}.Release|x64.Build.0 = Release|Any CPU
		{2C07A3AB-0891-4EAD-8EE0-6AE5C4833318}.Release|x86.ActiveCfg = Release|Any CPU
		{2C07A3AB-0891-4EAD-8EE0-6AE5C4833318}.Release|x86.Build.0 = Release|Any CPU
		{6DC6E55C-9F01-4879-A5BE-608AD55D41B9}.Debug|Any CPU.ActiveCfg = Debug|Any CPU
		{6DC6E55C-9F01-4879-A5BE-608AD55D41B9}.Debug|Any CPU.Build.0 = Debug|Any CPU
		{6DC6E55C-9F01-4879-A5BE-608AD55D41B9}.Debug|x64.ActiveCfg = Debug|Any CPU
		{6DC6E55C-9F01-4879-A5BE-608AD55D41B9}.Debug|x64.Build.0 = Debug|Any CPU
		{6DC6E55C-9F01-4879-A5BE-608AD55D41B9}.Debug|x86.ActiveCfg = Debug|Any CPU
		{6DC6E55C-9F01-4879-A5BE-608AD55D41B9}.Debug|x86.Build.0 = Debug|Any CPU
		{6DC6E55C-9F01-4879-A5BE-608AD55D41B9}.Release|Any CPU.ActiveCfg = Release|Any CPU
		{6DC6E55C-9F01-4879-A5BE-608AD55D41B9}.Release|Any CPU.Build.0 = Release|Any CPU
		{6DC6E55C-9F01-4879-A5BE-608AD55D41B9}.Release|x64.ActiveCfg = Release|Any CPU
		{6DC6E55C-9F01-4879-A5BE-608AD55D41B9}.Release|x64.Build.0 = Release|Any CPU
		{6DC6E55C-9F01-4879-A5BE-608AD55D41B9}.Release|x86.ActiveCfg = Release|Any CPU
		{6DC6E55C-9F01-4879-A5BE-608AD55D41B9}.Release|x86.Build.0 = Release|Any CPU
		{BFA74DDC-8EDF-426B-8723-7C05D282E36E}.Debug|Any CPU.ActiveCfg = Debug|Any CPU
		{BFA74DDC-8EDF-426B-8723-7C05D282E36E}.Debug|Any CPU.Build.0 = Debug|Any CPU
		{BFA74DDC-8EDF-426B-8723-7C05D282E36E}.Debug|x64.ActiveCfg = Debug|Any CPU
		{BFA74DDC-8EDF-426B-8723-7C05D282E36E}.Debug|x64.Build.0 = Debug|Any CPU
		{BFA74DDC-8EDF-426B-8723-7C05D282E36E}.Debug|x86.ActiveCfg = Debug|Any CPU
		{BFA74DDC-8EDF-426B-8723-7C05D282E36E}.Debug|x86.Build.0 = Debug|Any CPU
		{BFA74DDC-8EDF-426B-8723-7C05D282E36E}.Release|Any CPU.ActiveCfg = Release|Any CPU
		{BFA74DDC-8EDF-426B-8723-7C05D282E36E}.Release|Any CPU.Build.0 = Release|Any CPU
		{BFA74DDC-8EDF-426B-8723-7C05D282E36E}.Release|x64.ActiveCfg = Release|Any CPU
		{BFA74DDC-8EDF-426B-8723-7C05D282E36E}.Release|x64.Build.0 = Release|Any CPU
		{BFA74DDC-8EDF-426B-8723-7C05D282E36E}.Release|x86.ActiveCfg = Release|Any CPU
		{BFA74DDC-8EDF-426B-8723-7C05D282E36E}.Release|x86.Build.0 = Release|Any CPU
		{002140E6-7F8D-4477-B52C-9CDABAB7BD20}.Debug|Any CPU.ActiveCfg = Debug|Any CPU
		{002140E6-7F8D-4477-B52C-9CDABAB7BD20}.Debug|Any CPU.Build.0 = Debug|Any CPU
		{002140E6-7F8D-4477-B52C-9CDABAB7BD20}.Debug|x64.ActiveCfg = Debug|Any CPU
		{002140E6-7F8D-4477-B52C-9CDABAB7BD20}.Debug|x64.Build.0 = Debug|Any CPU
		{002140E6-7F8D-4477-B52C-9CDABAB7BD20}.Debug|x86.ActiveCfg = Debug|Any CPU
		{002140E6-7F8D-4477-B52C-9CDABAB7BD20}.Debug|x86.Build.0 = Debug|Any CPU
		{002140E6-7F8D-4477-B52C-9CDABAB7BD20}.Release|Any CPU.ActiveCfg = Release|Any CPU
		{002140E6-7F8D-4477-B52C-9CDABAB7BD20}.Release|Any CPU.Build.0 = Release|Any CPU
		{002140E6-7F8D-4477-B52C-9CDABAB7BD20}.Release|x64.ActiveCfg = Release|Any CPU
		{002140E6-7F8D-4477-B52C-9CDABAB7BD20}.Release|x64.Build.0 = Release|Any CPU
		{002140E6-7F8D-4477-B52C-9CDABAB7BD20}.Release|x86.ActiveCfg = Release|Any CPU
		{002140E6-7F8D-4477-B52C-9CDABAB7BD20}.Release|x86.Build.0 = Release|Any CPU
		{71C1707C-B354-4735-BF97-6D61F3EB948F}.Debug|Any CPU.ActiveCfg = Debug|Any CPU
		{71C1707C-B354-4735-BF97-6D61F3EB948F}.Debug|Any CPU.Build.0 = Debug|Any CPU
		{71C1707C-B354-4735-BF97-6D61F3EB948F}.Debug|x64.ActiveCfg = Debug|Any CPU
		{71C1707C-B354-4735-BF97-6D61F3EB948F}.Debug|x64.Build.0 = Debug|Any CPU
		{71C1707C-B354-4735-BF97-6D61F3EB948F}.Debug|x86.ActiveCfg = Debug|Any CPU
		{71C1707C-B354-4735-BF97-6D61F3EB948F}.Debug|x86.Build.0 = Debug|Any CPU
		{71C1707C-B354-4735-BF97-6D61F3EB948F}.Release|Any CPU.ActiveCfg = Release|Any CPU
		{71C1707C-B354-4735-BF97-6D61F3EB948F}.Release|Any CPU.Build.0 = Release|Any CPU
		{71C1707C-B354-4735-BF97-6D61F3EB948F}.Release|x64.ActiveCfg = Release|Any CPU
		{71C1707C-B354-4735-BF97-6D61F3EB948F}.Release|x64.Build.0 = Release|Any CPU
		{71C1707C-B354-4735-BF97-6D61F3EB948F}.Release|x86.ActiveCfg = Release|Any CPU
		{71C1707C-B354-4735-BF97-6D61F3EB948F}.Release|x86.Build.0 = Release|Any CPU
		{D9C576FD-2210-42DA-8902-87A040EF3882}.Debug|Any CPU.ActiveCfg = Debug|Any CPU
		{D9C576FD-2210-42DA-8902-87A040EF3882}.Debug|Any CPU.Build.0 = Debug|Any CPU
		{D9C576FD-2210-42DA-8902-87A040EF3882}.Debug|x64.ActiveCfg = Debug|Any CPU
		{D9C576FD-2210-42DA-8902-87A040EF3882}.Debug|x64.Build.0 = Debug|Any CPU
		{D9C576FD-2210-42DA-8902-87A040EF3882}.Debug|x86.ActiveCfg = Debug|Any CPU
		{D9C576FD-2210-42DA-8902-87A040EF3882}.Debug|x86.Build.0 = Debug|Any CPU
		{D9C576FD-2210-42DA-8902-87A040EF3882}.Release|Any CPU.ActiveCfg = Release|Any CPU
		{D9C576FD-2210-42DA-8902-87A040EF3882}.Release|Any CPU.Build.0 = Release|Any CPU
		{D9C576FD-2210-42DA-8902-87A040EF3882}.Release|x64.ActiveCfg = Release|Any CPU
		{D9C576FD-2210-42DA-8902-87A040EF3882}.Release|x64.Build.0 = Release|Any CPU
		{D9C576FD-2210-42DA-8902-87A040EF3882}.Release|x86.ActiveCfg = Release|Any CPU
		{D9C576FD-2210-42DA-8902-87A040EF3882}.Release|x86.Build.0 = Release|Any CPU
		{C53DD419-B66D-4A22-9B4F-3743303DA5FE}.Debug|Any CPU.ActiveCfg = Debug|Any CPU
		{C53DD419-B66D-4A22-9B4F-3743303DA5FE}.Debug|Any CPU.Build.0 = Debug|Any CPU
		{C53DD419-B66D-4A22-9B4F-3743303DA5FE}.Debug|x64.ActiveCfg = Debug|Any CPU
		{C53DD419-B66D-4A22-9B4F-3743303DA5FE}.Debug|x64.Build.0 = Debug|Any CPU
		{C53DD419-B66D-4A22-9B4F-3743303DA5FE}.Debug|x86.ActiveCfg = Debug|Any CPU
		{C53DD419-B66D-4A22-9B4F-3743303DA5FE}.Debug|x86.Build.0 = Debug|Any CPU
		{C53DD419-B66D-4A22-9B4F-3743303DA5FE}.Release|Any CPU.ActiveCfg = Release|Any CPU
		{C53DD419-B66D-4A22-9B4F-3743303DA5FE}.Release|Any CPU.Build.0 = Release|Any CPU
		{C53DD419-B66D-4A22-9B4F-3743303DA5FE}.Release|x64.ActiveCfg = Release|Any CPU
		{C53DD419-B66D-4A22-9B4F-3743303DA5FE}.Release|x64.Build.0 = Release|Any CPU
		{C53DD419-B66D-4A22-9B4F-3743303DA5FE}.Release|x86.ActiveCfg = Release|Any CPU
		{C53DD419-B66D-4A22-9B4F-3743303DA5FE}.Release|x86.Build.0 = Release|Any CPU
		{BA0973CB-D683-46A9-9D8B-A15367A6B301}.Debug|Any CPU.ActiveCfg = Debug|Any CPU
		{BA0973CB-D683-46A9-9D8B-A15367A6B301}.Debug|Any CPU.Build.0 = Debug|Any CPU
		{BA0973CB-D683-46A9-9D8B-A15367A6B301}.Debug|x64.ActiveCfg = Debug|Any CPU
		{BA0973CB-D683-46A9-9D8B-A15367A6B301}.Debug|x64.Build.0 = Debug|Any CPU
		{BA0973CB-D683-46A9-9D8B-A15367A6B301}.Debug|x86.ActiveCfg = Debug|Any CPU
		{BA0973CB-D683-46A9-9D8B-A15367A6B301}.Debug|x86.Build.0 = Debug|Any CPU
		{BA0973CB-D683-46A9-9D8B-A15367A6B301}.Release|Any CPU.ActiveCfg = Release|Any CPU
		{BA0973CB-D683-46A9-9D8B-A15367A6B301}.Release|Any CPU.Build.0 = Release|Any CPU
		{BA0973CB-D683-46A9-9D8B-A15367A6B301}.Release|x64.ActiveCfg = Release|Any CPU
		{BA0973CB-D683-46A9-9D8B-A15367A6B301}.Release|x64.Build.0 = Release|Any CPU
		{BA0973CB-D683-46A9-9D8B-A15367A6B301}.Release|x86.ActiveCfg = Release|Any CPU
		{BA0973CB-D683-46A9-9D8B-A15367A6B301}.Release|x86.Build.0 = Release|Any CPU
		{A2E91DBE-AF25-455B-9556-1DCBD59A289E}.Debug|Any CPU.ActiveCfg = Debug|Any CPU
		{A2E91DBE-AF25-455B-9556-1DCBD59A289E}.Debug|Any CPU.Build.0 = Debug|Any CPU
		{A2E91DBE-AF25-455B-9556-1DCBD59A289E}.Debug|x64.ActiveCfg = Debug|Any CPU
		{A2E91DBE-AF25-455B-9556-1DCBD59A289E}.Debug|x64.Build.0 = Debug|Any CPU
		{A2E91DBE-AF25-455B-9556-1DCBD59A289E}.Debug|x86.ActiveCfg = Debug|Any CPU
		{A2E91DBE-AF25-455B-9556-1DCBD59A289E}.Debug|x86.Build.0 = Debug|Any CPU
		{A2E91DBE-AF25-455B-9556-1DCBD59A289E}.Release|Any CPU.ActiveCfg = Release|Any CPU
		{A2E91DBE-AF25-455B-9556-1DCBD59A289E}.Release|Any CPU.Build.0 = Release|Any CPU
		{A2E91DBE-AF25-455B-9556-1DCBD59A289E}.Release|x64.ActiveCfg = Release|Any CPU
		{A2E91DBE-AF25-455B-9556-1DCBD59A289E}.Release|x64.Build.0 = Release|Any CPU
		{A2E91DBE-AF25-455B-9556-1DCBD59A289E}.Release|x86.ActiveCfg = Release|Any CPU
		{A2E91DBE-AF25-455B-9556-1DCBD59A289E}.Release|x86.Build.0 = Release|Any CPU
		{73380FB4-0CC9-400C-B52A-FBC75CEBF4D6}.Debug|Any CPU.ActiveCfg = Debug|Any CPU
		{73380FB4-0CC9-400C-B52A-FBC75CEBF4D6}.Debug|Any CPU.Build.0 = Debug|Any CPU
		{73380FB4-0CC9-400C-B52A-FBC75CEBF4D6}.Debug|x64.ActiveCfg = Debug|Any CPU
		{73380FB4-0CC9-400C-B52A-FBC75CEBF4D6}.Debug|x64.Build.0 = Debug|Any CPU
		{73380FB4-0CC9-400C-B52A-FBC75CEBF4D6}.Debug|x86.ActiveCfg = Debug|Any CPU
		{73380FB4-0CC9-400C-B52A-FBC75CEBF4D6}.Debug|x86.Build.0 = Debug|Any CPU
		{73380FB4-0CC9-400C-B52A-FBC75CEBF4D6}.Release|Any CPU.ActiveCfg = Release|Any CPU
		{73380FB4-0CC9-400C-B52A-FBC75CEBF4D6}.Release|Any CPU.Build.0 = Release|Any CPU
		{73380FB4-0CC9-400C-B52A-FBC75CEBF4D6}.Release|x64.ActiveCfg = Release|Any CPU
		{73380FB4-0CC9-400C-B52A-FBC75CEBF4D6}.Release|x64.Build.0 = Release|Any CPU
		{73380FB4-0CC9-400C-B52A-FBC75CEBF4D6}.Release|x86.ActiveCfg = Release|Any CPU
		{73380FB4-0CC9-400C-B52A-FBC75CEBF4D6}.Release|x86.Build.0 = Release|Any CPU
		{F19B12F3-F967-4C73-BEB9-BC82DFF6BE7E}.Debug|Any CPU.ActiveCfg = Debug|Any CPU
		{F19B12F3-F967-4C73-BEB9-BC82DFF6BE7E}.Debug|Any CPU.Build.0 = Debug|Any CPU
		{F19B12F3-F967-4C73-BEB9-BC82DFF6BE7E}.Debug|x64.ActiveCfg = Debug|Any CPU
		{F19B12F3-F967-4C73-BEB9-BC82DFF6BE7E}.Debug|x64.Build.0 = Debug|Any CPU
		{F19B12F3-F967-4C73-BEB9-BC82DFF6BE7E}.Debug|x86.ActiveCfg = Debug|Any CPU
		{F19B12F3-F967-4C73-BEB9-BC82DFF6BE7E}.Debug|x86.Build.0 = Debug|Any CPU
		{F19B12F3-F967-4C73-BEB9-BC82DFF6BE7E}.Release|Any CPU.ActiveCfg = Release|Any CPU
		{F19B12F3-F967-4C73-BEB9-BC82DFF6BE7E}.Release|Any CPU.Build.0 = Release|Any CPU
		{F19B12F3-F967-4C73-BEB9-BC82DFF6BE7E}.Release|x64.ActiveCfg = Release|Any CPU
		{F19B12F3-F967-4C73-BEB9-BC82DFF6BE7E}.Release|x64.Build.0 = Release|Any CPU
		{F19B12F3-F967-4C73-BEB9-BC82DFF6BE7E}.Release|x86.ActiveCfg = Release|Any CPU
		{F19B12F3-F967-4C73-BEB9-BC82DFF6BE7E}.Release|x86.Build.0 = Release|Any CPU
		{06C4FB2B-D188-4A7E-B409-4D8E6EADD6AB}.Debug|Any CPU.ActiveCfg = Debug|Any CPU
		{06C4FB2B-D188-4A7E-B409-4D8E6EADD6AB}.Debug|Any CPU.Build.0 = Debug|Any CPU
		{06C4FB2B-D188-4A7E-B409-4D8E6EADD6AB}.Debug|x64.ActiveCfg = Debug|Any CPU
		{06C4FB2B-D188-4A7E-B409-4D8E6EADD6AB}.Debug|x64.Build.0 = Debug|Any CPU
		{06C4FB2B-D188-4A7E-B409-4D8E6EADD6AB}.Debug|x86.ActiveCfg = Debug|Any CPU
		{06C4FB2B-D188-4A7E-B409-4D8E6EADD6AB}.Debug|x86.Build.0 = Debug|Any CPU
		{06C4FB2B-D188-4A7E-B409-4D8E6EADD6AB}.Release|Any CPU.ActiveCfg = Release|Any CPU
		{06C4FB2B-D188-4A7E-B409-4D8E6EADD6AB}.Release|Any CPU.Build.0 = Release|Any CPU
		{06C4FB2B-D188-4A7E-B409-4D8E6EADD6AB}.Release|x64.ActiveCfg = Release|Any CPU
		{06C4FB2B-D188-4A7E-B409-4D8E6EADD6AB}.Release|x64.Build.0 = Release|Any CPU
		{06C4FB2B-D188-4A7E-B409-4D8E6EADD6AB}.Release|x86.ActiveCfg = Release|Any CPU
		{06C4FB2B-D188-4A7E-B409-4D8E6EADD6AB}.Release|x86.Build.0 = Release|Any CPU
		{E33CE10D-4C66-4530-9B4E-2B74C444E1CE}.Debug|Any CPU.ActiveCfg = Debug|Any CPU
		{E33CE10D-4C66-4530-9B4E-2B74C444E1CE}.Debug|Any CPU.Build.0 = Debug|Any CPU
		{E33CE10D-4C66-4530-9B4E-2B74C444E1CE}.Debug|x64.ActiveCfg = Debug|Any CPU
		{E33CE10D-4C66-4530-9B4E-2B74C444E1CE}.Debug|x64.Build.0 = Debug|Any CPU
		{E33CE10D-4C66-4530-9B4E-2B74C444E1CE}.Debug|x86.ActiveCfg = Debug|Any CPU
		{E33CE10D-4C66-4530-9B4E-2B74C444E1CE}.Debug|x86.Build.0 = Debug|Any CPU
		{E33CE10D-4C66-4530-9B4E-2B74C444E1CE}.Release|Any CPU.ActiveCfg = Release|Any CPU
		{E33CE10D-4C66-4530-9B4E-2B74C444E1CE}.Release|Any CPU.Build.0 = Release|Any CPU
		{E33CE10D-4C66-4530-9B4E-2B74C444E1CE}.Release|x64.ActiveCfg = Release|Any CPU
		{E33CE10D-4C66-4530-9B4E-2B74C444E1CE}.Release|x64.Build.0 = Release|Any CPU
		{E33CE10D-4C66-4530-9B4E-2B74C444E1CE}.Release|x86.ActiveCfg = Release|Any CPU
		{E33CE10D-4C66-4530-9B4E-2B74C444E1CE}.Release|x86.Build.0 = Release|Any CPU
	EndGlobalSection
	GlobalSection(SolutionProperties) = preSolution
		HideSolutionNode = FALSE
	EndGlobalSection
	GlobalSection(NestedProjects) = preSolution
		{6DC6E55C-9F01-4879-A5BE-608AD55D41B9} = {9A0CCAB9-4303-13B4-2371-F1B97FF5B728}
		{BFA74DDC-8EDF-426B-8723-7C05D282E36E} = {9A0CCAB9-4303-13B4-2371-F1B97FF5B728}
		{002140E6-7F8D-4477-B52C-9CDABAB7BD20} = {9A0CCAB9-4303-13B4-2371-F1B97FF5B728}
		{71C1707C-B354-4735-BF97-6D61F3EB948F} = {9A0CCAB9-4303-13B4-2371-F1B97FF5B728}
		{D9C576FD-2210-42DA-8902-87A040EF3882} = {9A0CCAB9-4303-13B4-2371-F1B97FF5B728}
		{C53DD419-B66D-4A22-9B4F-3743303DA5FE} = {9A0CCAB9-4303-13B4-2371-F1B97FF5B728}
		{331B23D7-1AA9-3EA9-47B2-7F783CC47C5B} = {9A0CCAB9-4303-13B4-2371-F1B97FF5B728}
		{BA0973CB-D683-46A9-9D8B-A15367A6B301} = {331B23D7-1AA9-3EA9-47B2-7F783CC47C5B}
		{A2E91DBE-AF25-455B-9556-1DCBD59A289E} = {9A0CCAB9-4303-13B4-2371-F1B97FF5B728}
		{73380FB4-0CC9-400C-B52A-FBC75CEBF4D6} = {9A0CCAB9-4303-13B4-2371-F1B97FF5B728}
		{F19B12F3-F967-4C73-BEB9-BC82DFF6BE7E} = {9A0CCAB9-4303-13B4-2371-F1B97FF5B728}
		{06C4FB2B-D188-4A7E-B409-4D8E6EADD6AB} = {9A0CCAB9-4303-13B4-2371-F1B97FF5B728}
		{C149ADC6-8D56-4E2D-B045-8F1925138B80} = {9A0CCAB9-4303-13B4-2371-F1B97FF5B728}
		{E33CE10D-4C66-4530-9B4E-2B74C444E1CE} = {9A0CCAB9-4303-13B4-2371-F1B97FF5B728}
	EndGlobalSection
EndGlobal
